hash: d9e0727d6b5ee0f3173d363c491e311702353d4803fdb37e2bf3d7b3b8b0a1ba
updated: 2016-06-21T08:29:39.387958686+02:00
imports:
- name: github.com/docopt/docopt.go
  version: 784ddc588536785e7299f7272f39101f7faccc3f
- name: github.com/fatih/color
  version: 533cd7fd8a85905f67a1753afb4deddc85ea174f
  repo: git@github.com:fatih/color.git
  vcs: git
- name: github.com/Masterminds/semver
  version: 7e56b5cd00f9666fc899aa9c11c9a7d51f2a9995
- name: github.com/mattn/go-colorable
  version: 9cbef7c35391cca05f15f8181dc0b18bc9736dbb
  repo: https://github.com/mattn/go-colorable
- name: github.com/mattn/go-isatty
  version: 56b76bdf51f7708750eac80fa38b952bb9f32639
  repo: https://github.com/mattn/go-isatty
- name: github.com/mh-cbon/go-repo-utils
  version: ee44c0e5faeb9da61352746b5a56811fa789378b
  subpackages:
  - repoutils
  - bzr
  - git
  - hg
  - svn
- name: github.com/mh-cbon/semver
  version: 2f7cec05572f725cc5f17efee5bea1672bf60d7c
- name: github.com/mh-cbon/verbose
  version: c8f315468e581eb736cc1f4f79e785a60ea370e6
  subpackages:
  - color
  - printer
- name: golang.org/x/sys
  version: 7f918dd405547ecb864d14a8ecbbfe205b5f930f
  subpackages:
  - unix
- name: gopkg.in/yaml.v2
  version: a83829b6f1293c91addabc89d0571c246397bbf4
devImports: []
